<?xml version="1.0" encoding="UTF-8" standalone="yes" ?>
<CodeBlocks_project_file>
	<FileVersion major="1" minor="6" />
	<Project>
		<Option title="Playground" />
		<Option pch_mode="0" />
		<Option default_target="Linux" />
		<Option compiler="gcc" />
		<Build>
			<Target title="Linux">
				<Option platforms="Unix;" />
				<Option output="playground" prefix_auto="0" extension_auto="0" />
				<Option type="1" />
				<Option compiler="gcc" />
				<Compiler>
					<Add option="-Wall" />
					<Add option="-std=c++11" />
					<Add option="-g" />
					<Add option="-fno-exceptions" />
					<Add option="-fno-rtti" />
					<Add option="-fstrict-aliasing" />
					<Add option="-D_IRR_STATIC_LIB_" />
				</Compiler>
				<Linker>
					<Add library="Xxf86vm" />
					<Add library="GL" />
					<Add library="X11" />
					<Add directory="..\..\lib\Linux" />
				</Linker>
			</Target>
			<Target title="Windows">
				<Option platforms="Windows;" />
				<Option output="playground" prefix_auto="0" extension_auto="1" />
				<Option type="1" />
				<Option compiler="gcc" />
				<Compiler>
					<Add option="-g" />
				</Compiler>
				<Linker>
					<Add directory="..\..\lib\Win32-gcc" />
				</Linker>
				<ExtraCommands>
					<Add after='cmd /c copy /Y &quot;$(PROJECT_DIR)..\..\bin\Win32-gcc\Irrlicht.dll&quot; &quot;$(PROJECT_DIR)Irrlicht.dll&quot;' />
					<Mode after="always" />
				</ExtraCommands>
			</Target>
			<Target title=" Linux64es2_debug">
				<Option platforms="Unix;" />
				<Option output="playground" prefix_auto="0" extension_auto="0" />
				<Option object_output=".objsLinux64_es2debug" />
				<Option type="1" />
				<Option compiler="gcc" />
				<Compiler>
					<Add option="-Wall" />
					<Add option="-std=c++11" />
					<Add option="-g" />
					<Add option="-fno-exceptions" />
					<Add option="-fno-rtti" />
					<Add option="-D_IRR_STATIC_LIB_" />
					<Add option="-DDEBUG" />
					<Add option="-D_DEBUG" />
				</Compiler>
				<Linker>
					<Add library="Xext" />
					<Add library="X11" />
					<Add library="Xrandr" />
					<Add library="Xxf86vm" />
					<Add library="GLESv2" />
					<Add library="EGL" />
					<Add library="GL" />
					<Add directory="..\..\lib\Linux" />
				</Linker>
			</Target>
			<Target title="Linux_gtkmm3">
				<Option platforms="Unix;" />
				<Option output="playground" prefix_auto="1" extension_auto="1" />
				<Option type="1" />
				<Option compiler="gcc" />
				<Compiler>
					<Add option="`pkg-config gtkmm-3.0 --cflags`" />
				</Compiler>
				<Linker>
					<Add option="`pkg-config gtkmm-3.0 --libs`" />
					<Add library="Xxf86vm" />
					<Add library="GL" />
					<Add library="X11" />
					<Add directory="../../lib/Linux" />
				</Linker>
			</Target>
		</Build>
		<VirtualTargets>
			<Add alias="All" targets="Windows;Linux;" />
		</VirtualTargets>
		<Compiler>
			<Add option="-Wall" />
			<Add option="-g" />
			<Add directory="..\..\include" />
		</Compiler>
		<Linker>
			<Add library="Irrlicht" />
		</Linker>
		<Unit filename="main.cpp" />
		<Extensions />
	</Project>
</CodeBlocks_project_file>
